
Microsoft Visual Studio Solution File, Format Version 12.00
# Visual Studio Version 16
VisualStudioVersion = 16.0.30804.86
MinimumVisualStudioVersion = 10.0.40219.1
Project("{9A19103F-16F7-4668-BE54-9A1E7A4F7556}") = "VMS.Api", "VMS.Api\VMS.Api.csproj", "{2D2407F6-FFF5-4B04-8083-CB7EF5935C3A}"
EndProject
Project("{9A19103F-16F7-4668-BE54-9A1E7A4F7556}") = "VMS.Core", "VMS.Core\VMS.Core.csproj", "{200BA5C7-42AD-476B-B23F-AEA62A7F9163}"
EndProject
Project("{FAE04EC0-301F-11D3-BF4B-00C04F79EFBC}") = "VMS.Infrastructure", "VMS.Infrastructure\VMS.Infrastructure.csproj", "{2EBF9A6B-8DF9-4E8B-A633-FCA1AEFBD836}"
EndProject
Global
	GlobalSection(SolutionConfigurationPlatforms) = preSolution
		Debug|Any CPU = Debug|Any CPU
		Release|Any CPU = Release|Any CPU
	EndGlobalSection
	GlobalSection(ProjectConfigurationPlatforms) = postSolution
		{2D2407F6-FFF5-4B04-8083-CB7EF5935C3A}.Debug|Any CPU.ActiveCfg = Debug|Any CPU
		{2D2407F6-FFF5-4B04-8083-CB7EF5935C3A}.Debug|Any CPU.Build.0 = Debug|Any CPU
		{2D2407F6-FFF5-4B04-8083-CB7EF5935C3A}.Release|Any CPU.ActiveCfg = Release|Any CPU
		{2D2407F6-FFF5-4B04-8083-CB7EF5935C3A}.Release|Any CPU.Build.0 = Release|Any CPU
		{200BA5C7-42AD-476B-B23F-AEA62A7F9163}.Debug|Any CPU.ActiveCfg = Debug|Any CPU
		{200BA5C7-42AD-476B-B23F-AEA62A7F9163}.Debug|Any CPU.Build.0 = Debug|Any CPU
		{200BA5C7-42AD-476B-B23F-AEA62A7F9163}.Release|Any CPU.ActiveCfg = Release|Any CPU
		{200BA5C7-42AD-476B-B23F-AEA62A7F9163}.Release|Any CPU.Build.0 = Release|Any CPU
		{2EBF9A6B-8DF9-4E8B-A633-FCA1AEFBD836}.Debug|Any CPU.ActiveCfg = Debug|Any CPU
		{2EBF9A6B-8DF9-4E8B-A633-FCA1AEFBD836}.Debug|Any CPU.Build.0 = Debug|Any CPU
		{2EBF9A6B-8DF9-4E8B-A633-FCA1AEFBD836}.Release|Any CPU.ActiveCfg = Release|Any CPU
		{2EBF9A6B-8DF9-4E8B-A633-FCA1AEFBD836}.Release|Any CPU.Build.0 = Release|Any CPU
	EndGlobalSection
	GlobalSection(SolutionProperties) = preSolution
		HideSolutionNode = FALSE
	EndGlobalSection
	GlobalSection(ExtensibilityGlobals) = postSolution
		SolutionGuid = {F59967E3-902E-4E6A-9C21-30646181C96D}
	EndGlobalSection
EndGlobal
